
Microsoft Visual Studio Solution File, Format Version 12.00
# Visual Studio Version 17
Project("{8BC9CEB8-8B4A-11D0-8D11-00A0C91BC942}") = "ALL_BUILD", "ALL_BUILD.vcxproj", "{F7B2ABF6-515A-34BD-86C7-4B274E8921CA}"
	ProjectSection(ProjectDependencies) = postProject
		{1DFB3839-033C-3377-BDB9-D0FAF82ABB9B} = {1DFB3839-033C-3377-BDB9-D0FAF82ABB9B}
		{8F9953DD-E6E0-3501-B8B6-C2333B18D3EF} = {8F9953DD-E6E0-3501-B8B6-C2333B18D3EF}
	EndProjectSection
EndProject
Project("{8BC9CEB8-8B4A-11D0-8D11-00A0C91BC942}") = "FileSearcherApp", "FileSearcherApp.vcxproj", "{1DFB3839-033C-3377-BDB9-D0FAF82ABB9B}"
	ProjectSection(ProjectDependencies) = postProject
		{8F9953DD-E6E0-3501-B8B6-C2333B18D3EF} = {8F9953DD-E6E0-3501-B8B6-C2333B18D3EF}
	EndProjectSection
EndProject
Project("{8BC9CEB8-8B4A-11D0-8D11-00A0C91BC942}") = "ZERO_CHECK", "ZERO_CHECK.vcxproj", "{8F9953DD-E6E0-3501-B8B6-C2333B18D3EF}"
	ProjectSection(ProjectDependencies) = postProject
	EndProjectSection
EndProject
Global
	GlobalSection(SolutionConfigurationPlatforms) = preSolution
		Debug|x64 = Debug|x64
		Release|x64 = Release|x64
		MinSizeRel|x64 = MinSizeRel|x64
		RelWithDebInfo|x64 = RelWithDebInfo|x64
	EndGlobalSection
	GlobalSection(ProjectConfigurationPlatforms) = postSolution
		{F7B2ABF6-515A-34BD-86C7-4B274E8921CA}.Debug|x64.ActiveCfg = Debug|x64
		{F7B2ABF6-515A-34BD-86C7-4B274E8921CA}.Release|x64.ActiveCfg = Release|x64
		{F7B2ABF6-515A-34BD-86C7-4B274E8921CA}.MinSizeRel|x64.ActiveCfg = MinSizeRel|x64
		{F7B2ABF6-515A-34BD-86C7-4B274E8921CA}.RelWithDebInfo|x64.ActiveCfg = RelWithDebInfo|x64
		{1DFB3839-033C-3377-BDB9-D0FAF82ABB9B}.Debug|x64.ActiveCfg = Debug|x64
		{1DFB3839-033C-3377-BDB9-D0FAF82ABB9B}.Debug|x64.Build.0 = Debug|x64
		{1DFB3839-033C-3377-BDB9-D0FAF82ABB9B}.Release|x64.ActiveCfg = Release|x64
		{1DFB3839-033C-3377-BDB9-D0FAF82ABB9B}.Release|x64.Build.0 = Release|x64
		{1DFB3839-033C-3377-BDB9-D0FAF82ABB9B}.MinSizeRel|x64.ActiveCfg = MinSizeRel|x64
		{1DFB3839-033C-3377-BDB9-D0FAF82ABB9B}.MinSizeRel|x64.Build.0 = MinSizeRel|x64
		{1DFB3839-033C-3377-BDB9-D0FAF82ABB9B}.RelWithDebInfo|x64.ActiveCfg = RelWithDebInfo|x64
		{1DFB3839-033C-3377-BDB9-D0FAF82ABB9B}.RelWithDebInfo|x64.Build.0 = RelWithDebInfo|x64
		{8F9953DD-E6E0-3501-B8B6-C2333B18D3EF}.Debug|x64.ActiveCfg = Debug|x64
		{8F9953DD-E6E0-3501-B8B6-C2333B18D3EF}.Debug|x64.Build.0 = Debug|x64
		{8F9953DD-E6E0-3501-B8B6-C2333B18D3EF}.Release|x64.ActiveCfg = Release|x64
		{8F9953DD-E6E0-3501-B8B6-C2333B18D3EF}.Release|x64.Build.0 = Release|x64
		{8F9953DD-E6E0-3501-B8B6-C2333B18D3EF}.MinSizeRel|x64.ActiveCfg = MinSizeRel|x64
		{8F9953DD-E6E0-3501-B8B6-C2333B18D3EF}.MinSizeRel|x64.Build.0 = MinSizeRel|x64
		{8F9953DD-E6E0-3501-B8B6-C2333B18D3EF}.RelWithDebInfo|x64.ActiveCfg = RelWithDebInfo|x64
		{8F9953DD-E6E0-3501-B8B6-C2333B18D3EF}.RelWithDebInfo|x64.Build.0 = RelWithDebInfo|x64
	EndGlobalSection
	GlobalSection(ExtensibilityGlobals) = postSolution
		SolutionGuid = {D732088F-D297-3877-8E25-DBA392E303A5}
	EndGlobalSection
	GlobalSection(ExtensibilityAddIns) = postSolution
	EndGlobalSection
EndGlobal
